
Microsoft Visual Studio Solution File, Format Version 12.00
# Visual Studio Version 17
VisualStudioVersion = 17.5.33530.505
MinimumVisualStudioVersion = 10.0.40219.1
Project("{FAE04EC0-301F-11D3-BF4B-00C04F79EFBC}") = "TableFirebase", "TableFirebase.csproj", "{288DEB36-57EF-4F38-B41C-24052998C62D}"
EndProject
Global
	GlobalSection(SolutionConfigurationPlatforms) = preSolution
		Debug|Any CPU = Debug|Any CPU
		Release|Any CPU = Release|Any CPU
	EndGlobalSection
	GlobalSection(ProjectConfigurationPlatforms) = postSolution
		{288DEB36-57EF-4F38-B41C-24052998C62D}.Debug|Any CPU.ActiveCfg = Debug|Any CPU
		{288DEB36-57EF-4F38-B41C-24052998C62D}.Debug|Any CPU.Build.0 = Debug|Any CPU
		{288DEB36-57EF-4F38-B41C-24052998C62D}.Debug|Any CPU.Deploy.0 = Debug|Any CPU
		{288DEB36-57EF-4F38-B41C-24052998C62D}.Release|Any CPU.ActiveCfg = Release|Any CPU
		{288DEB36-57EF-4F38-B41C-24052998C62D}.Release|Any CPU.Build.0 = Release|Any CPU
		{288DEB36-57EF-4F38-B41C-24052998C62D}.Release|Any CPU.Deploy.0 = Release|Any CPU
	EndGlobalSection
	GlobalSection(SolutionProperties) = preSolution
		HideSolutionNode = FALSE
	EndGlobalSection
	GlobalSection(ExtensibilityGlobals) = postSolution
		SolutionGuid = {3D1B0CB4-49C1-48B7-B352-6D1EA14ABB20}
	EndGlobalSection
EndGlobal
